%{
  "artificery": {:hex, :artificery, "0.4.3", "0bc4260f988dcb9dda4b23f9fc3c6c8b99a6220a331534fdf5bf2fd0d4333b02", [:mix], [], "hexpm", "12e95333a30e20884e937abdbefa3e7f5e05609c2ba8cf37b33f000b9ffc0504"},
  "cowboy": {:hex, :cowboy, "2.8.0", "f3dc62e35797ecd9ac1b50db74611193c29815401e53bac9a5c0577bd7bc667d", [:rebar3], [{:cowlib, "~> 2.9.1", [hex: :cowlib, repo: "hexpm", optional: false]}, {:ranch, "~> 1.7.1", [hex: :ranch, repo: "hexpm", optional: false]}], "hexpm", "4643e4fba74ac96d4d152c75803de6fad0b3fa5df354c71afdd6cbeeb15fac8a"},
  "cowlib": {:hex, :cowlib, "2.9.1", "61a6c7c50cf07fdd24b2f45b89500bb93b6686579b069a89f88cb211e1125c78", [:rebar3], [], "hexpm", "e4175dc240a70d996156160891e1c62238ede1729e45740bdd38064dad476170"},
  "distillery": {:hex, :distillery, "2.1.1", "f9332afc2eec8a1a2b86f22429e068ef35f84a93ea1718265e740d90dd367814", [:mix], [{:artificery, "~> 0.2", [hex: :artificery, repo: "hexpm", optional: false]}], "hexpm", "bbc7008b0161a6f130d8d903b5b3232351fccc9c31a991f8fcbf2a12ace22995"},
  "earmark_parser": {:hex, :earmark_parser, "1.4.10", "6603d7a603b9c18d3d20db69921527f82ef09990885ed7525003c7fe7dc86c56", [:mix], [], "hexpm", "8e2d5370b732385db2c9b22215c3f59c84ac7dda7ed7e544d7c459496ae519c0"},
  "erlexec": {:hex, :erlexec, "1.17.5", "b8944a839669a9397d3515e23af89ccd43ff9693128a28738d79233f7bc5414e", [:rebar3], [], "hexpm", "ba22dcccc914ef19eca1002dc165c584145c74cf577c9d754e6d4ac8d38102ff"},
  "ex_doc": {:hex, :ex_doc, "0.22.2", "03a2a58bdd2ba0d83d004507c4ee113b9c521956938298eba16e55cc4aba4a6c", [:mix], [{:earmark_parser, "~> 1.4.0", [hex: :earmark_parser, repo: "hexpm", optional: false]}, {:makeup_elixir, "~> 0.14", [hex: :makeup_elixir, repo: "hexpm", optional: false]}], "hexpm", "cf60e1b3e2efe317095b6bb79651f83a2c1b3edcb4d319c421d7fcda8b3aff26"},
  "exexec": {:hex, :exexec, "0.2.0", "a6ffc48cba3ac9420891b847e4dc7120692fb8c08c9e82220ebddc0bb8d96103", [:mix], [{:erlexec, "~> 1.10", [hex: :erlexec, repo: "hexpm", optional: false]}], "hexpm", "312cd1c9befba9e078e57f3541e4f4257eabda6eb9c348154fe899d6ac633299"},
  "file_system": {:hex, :file_system, "0.2.8", "f632bd287927a1eed2b718f22af727c5aeaccc9a98d8c2bd7bff709e851dc986", [:mix], [], "hexpm", "97a3b6f8d63ef53bd0113070102db2ce05352ecf0d25390eb8d747c2bde98bca"},
  "floki": {:hex, :floki, "0.28.0", "0d0795a17189510ee01323e6990f906309e9fc6e8570219135211f1264d78c7f", [:mix], [{:html_entities, "~> 0.5.0", [hex: :html_entities, repo: "hexpm", optional: false]}], "hexpm", "db1549560874ebba5a6367e46c3aec5fedd41f2757ad6efe567efb04b4d4ee55"},
  "gettext": {:hex, :gettext, "0.18.1", "89e8499b051c7671fa60782faf24409b5d2306aa71feb43d79648a8bc63d0522", [:mix], [], "hexpm", "e70750c10a5f88cb8dc026fc28fa101529835026dec4a06dba3b614f2a99c7a9"},
  "html_entities": {:hex, :html_entities, "0.5.1", "1c9715058b42c35a2ab65edc5b36d0ea66dd083767bef6e3edb57870ef556549", [:mix], [], "hexpm", "30efab070904eb897ff05cd52fa61c1025d7f8ef3a9ca250bc4e6513d16c32de"},
  "jason": {:hex, :jason, "1.2.1", "12b22825e22f468c02eb3e4b9985f3d0cb8dc40b9bd704730efa11abd2708c44", [:mix], [{:decimal, "~> 1.0", [hex: :decimal, repo: "hexpm", optional: true]}], "hexpm", "b659b8571deedf60f79c5a608e15414085fa141344e2716fbd6988a084b5f993"},
  "makeup": {:hex, :makeup, "1.0.3", "e339e2f766d12e7260e6672dd4047405963c5ec99661abdc432e6ec67d29ef95", [:mix], [{:nimble_parsec, "~> 0.5", [hex: :nimble_parsec, repo: "hexpm", optional: false]}], "hexpm", "2e9b4996d11832947731f7608fed7ad2f9443011b3b479ae288011265cdd3dad"},
  "makeup_elixir": {:hex, :makeup_elixir, "0.14.1", "4f0e96847c63c17841d42c08107405a005a2680eb9c7ccadfd757bd31dabccfb", [:mix], [{:makeup, "~> 1.0", [hex: :makeup, repo: "hexpm", optional: false]}], "hexpm", "f2438b1a80eaec9ede832b5c41cd4f373b38fd7aa33e3b22d9db79e640cbde11"},
  "mime": {:hex, :mime, "1.4.0", "5066f14944b470286146047d2f73518cf5cca82f8e4815cf35d196b58cf07c47", [:mix], [], "hexpm", "75fa42c4228ea9a23f70f123c74ba7cece6a03b1fd474fe13f6a7a85c6ea4ff6"},
  "nimble_parsec": {:hex, :nimble_parsec, "0.6.0", "32111b3bf39137144abd7ba1cce0914533b2d16ef35e8abc5ec8be6122944263", [:mix], [], "hexpm", "27eac315a94909d4dc68bc07a4a83e06c8379237c5ea528a9acff4ca1c873c52"},
  "phoenix": {:hex, :phoenix, "1.5.4", "0fca9ce7e960f9498d6315e41fcd0c80bfa6fbeb5fa3255b830c67fdfb7e703f", [:mix], [{:jason, "~> 1.0", [hex: :jason, repo: "hexpm", optional: true]}, {:phoenix_html, "~> 2.13", [hex: :phoenix_html, repo: "hexpm", optional: true]}, {:phoenix_pubsub, "~> 2.0", [hex: :phoenix_pubsub, repo: "hexpm", optional: false]}, {:plug, "~> 1.10", [hex: :plug, repo: "hexpm", optional: false]}, {:plug_cowboy, "~> 1.0 or ~> 2.2", [hex: :plug_cowboy, repo: "hexpm", optional: true]}, {:plug_crypto, "~> 1.1.2 or ~> 1.2", [hex: :plug_crypto, repo: "hexpm", optional: false]}, {:telemetry, "~> 0.4", [hex: :telemetry, repo: "hexpm", optional: false]}], "hexpm", "4e516d131fde87b568abd62e1b14aa07ba7d5edfd230bab4e25cc9dedbb39135"},
  "phoenix_html": {:hex, :phoenix_html, "2.14.2", "b8a3899a72050f3f48a36430da507dd99caf0ac2d06c77529b1646964f3d563e", [:mix], [{:plug, "~> 1.5", [hex: :plug, repo: "hexpm", optional: false]}], "hexpm", "58061c8dfd25da5df1ea0ca47c972f161beb6c875cd293917045b92ffe1bf617"},
  "phoenix_live_dashboard": {:hex, :phoenix_live_dashboard, "0.2.6", "1b4e1b7d797386b7f9d70d2af931dc9843a5f2f2423609d22cef1eec4e4dba7d", [:mix], [{:phoenix_html, "~> 2.14.1 or ~> 2.15", [hex: :phoenix_html, repo: "hexpm", optional: false]}, {:phoenix_live_view, "~> 0.13.1", [hex: :phoenix_live_view, repo: "hexpm", optional: false]}, {:telemetry_metrics, "~> 0.4.0 or ~> 0.5.0", [hex: :telemetry_metrics, repo: "hexpm", optional: false]}], "hexpm", "b20dcad98c4ca63d38a7f5e7a40936e1e8e9da983d3d722b88ae33afb866c9ca"},
  "phoenix_live_reload": {:hex, :phoenix_live_reload, "1.2.4", "940c0344b1d66a2e46eef02af3a70e0c5bb45a4db0bf47917add271b76cd3914", [:mix], [{:file_system, "~> 0.2.1 or ~> 0.3", [hex: :file_system, repo: "hexpm", optional: false]}, {:phoenix, "~> 1.4", [hex: :phoenix, repo: "hexpm", optional: false]}], "hexpm", "38f9308357dea4cc77f247e216da99fcb0224e05ada1469167520bed4cb8cccd"},
  "phoenix_live_view": {:hex, :phoenix_live_view, "0.13.3", "2186c55cc7c54ca45b97c6f28cfd267d1c61b5f205f3c83533704cd991bdfdec", [:mix], [{:jason, "~> 1.0", [hex: :jason, repo: "hexpm", optional: true]}, {:phoenix, "~> 1.4.17 or ~> 1.5.2", [hex: :phoenix, repo: "hexpm", optional: false]}, {:phoenix_html, "~> 2.14", [hex: :phoenix_html, repo: "hexpm", optional: false]}], "hexpm", "c6309a7da2e779cb9cdf2fb603d75f38f49ef324bedc7a81825998bd1744ff8a"},
  "phoenix_pubsub": {:hex, :phoenix_pubsub, "2.0.0", "a1ae76717bb168cdeb10ec9d92d1480fec99e3080f011402c0a2d68d47395ffb", [:mix], [], "hexpm", "c52d948c4f261577b9c6fa804be91884b381a7f8f18450c5045975435350f771"},
  "plug": {:hex, :plug, "1.10.4", "41eba7d1a2d671faaf531fa867645bd5a3dce0957d8e2a3f398ccff7d2ef017f", [:mix], [{:mime, "~> 1.0", [hex: :mime, repo: "hexpm", optional: false]}, {:plug_crypto, "~> 1.1.1 or ~> 1.2", [hex: :plug_crypto, repo: "hexpm", optional: false]}, {:telemetry, "~> 0.4", [hex: :telemetry, repo: "hexpm", optional: false]}], "hexpm", "ad1e233fe73d2eec56616568d260777b67f53148a999dc2d048f4eb9778fe4a0"},
  "plug_cowboy": {:hex, :plug_cowboy, "2.3.0", "149a50e05cb73c12aad6506a371cd75750c0b19a32f81866e1a323dda9e0e99d", [:mix], [{:cowboy, "~> 2.7", [hex: :cowboy, repo: "hexpm", optional: false]}, {:plug, "~> 1.7", [hex: :plug, repo: "hexpm", optional: false]}, {:telemetry, "~> 0.4", [hex: :telemetry, repo: "hexpm", optional: false]}], "hexpm", "bc595a1870cef13f9c1e03df56d96804db7f702175e4ccacdb8fc75c02a7b97e"},
  "plug_crypto": {:hex, :plug_crypto, "1.1.2", "bdd187572cc26dbd95b87136290425f2b580a116d3fb1f564216918c9730d227", [:mix], [], "hexpm", "6b8b608f895b6ffcfad49c37c7883e8df98ae19c6a28113b02aa1e9c5b22d6b5"},
  "ranch": {:hex, :ranch, "1.7.1", "6b1fab51b49196860b733a49c07604465a47bdb78aa10c1c16a3d199f7f8c881", [:rebar3], [], "hexpm", "451d8527787df716d99dc36162fca05934915db0b6141bbdac2ea8d3c7afc7d7"},
  "recon": {:hex, :recon, "2.5.1", "430ffa60685ac1efdfb1fe4c97b8767c92d0d92e6e7c3e8621559ba77598678a", [:mix, :rebar3], [], "hexpm", "5721c6b6d50122d8f68cccac712caa1231f97894bab779eff5ff0f886cb44648"},
  "redbug": {:hex, :redbug, "1.2.2", "366d8961770ddc7bb5d209fbadddfa7271005487f938c087a0e385a57abfee33", [:rebar3], [], "hexpm", "b5fe7b94e487be559cb0ec1c0e938c9761205d3e91a96bf263bdf1beaebea729"},
  "rexbug": {:hex, :rexbug, "1.0.4", "b9908d95da835c7353ef051bc587662c9054fa3c0c11e96de9bad7fe18460aad", [:mix], [{:mix_test_watch, ">= 0.5.0", [hex: :mix_test_watch, repo: "hexpm", optional: true]}, {:redbug, "~> 1.2", [hex: :redbug, repo: "hexpm", optional: false]}], "hexpm", "4826565f39e617fa0eea3e916f02928b2f1d880bf5e084cb80da86a3e369390e"},
  "solverl": {:git, "https://github.com/bokner/solverl.git", "107a6910a40dc6fe5bb5bd6328069a2bf26e1f39", []},
  "telemetry": {:hex, :telemetry, "0.4.2", "2808c992455e08d6177322f14d3bdb6b625fbcfd233a73505870d8738a2f4599", [:rebar3], [], "hexpm", "2d1419bd9dda6a206d7b5852179511722e2b18812310d304620c7bd92a13fcef"},
  "telemetry_metrics": {:hex, :telemetry_metrics, "0.5.0", "1b796e74add83abf844e808564275dfb342bcc930b04c7577ab780e262b0d998", [:mix], [{:telemetry, "~> 0.4", [hex: :telemetry, repo: "hexpm", optional: false]}], "hexpm", "31225e6ce7a37a421a0a96ec55244386aec1c190b22578bd245188a4a33298fd"},
  "telemetry_poller": {:hex, :telemetry_poller, "0.5.1", "21071cc2e536810bac5628b935521ff3e28f0303e770951158c73eaaa01e962a", [:rebar3], [{:telemetry, "~> 0.4", [hex: :telemetry, repo: "hexpm", optional: false]}], "hexpm", "4cab72069210bc6e7a080cec9afffad1b33370149ed5d379b81c7c5f0c663fd4"},
}
